
Microsoft Visual Studio Solution File, Format Version 12.00
# Visual Studio Version 17
VisualStudioVersion = 17.5.33424.131
MinimumVisualStudioVersion = 10.0.40219.1
Project("{9A19103F-16F7-4668-BE54-9A1E7A4F7556}") = "HomeBudget.Droid", "HomeBudget\HomeBudget.Droid\HomeBudget.Droid.csproj", "{3B766B47-4CA0-4352-84AC-40C4420E15AD}"
EndProject
Project("{FAE04EC0-301F-11D3-BF4B-00C04F79EFBC}") = "HomeBudget.iOS", "HomeBudget\HomeBudget.iOS\HomeBudget.iOS.csproj", "{4D992DAD-7731-4679-8C61-49226EF81A8B}"
EndProject
Project("{9A19103F-16F7-4668-BE54-9A1E7A4F7556}") = "HomeBudgeStandard", "HomeBudget\HomeBudgeStandard\HomeBudgeStandard.csproj", "{27E2BC12-14A4-4811-9A83-A349E4608287}"
EndProject
Project("{FAE04EC0-301F-11D3-BF4B-00C04F79EFBC}") = "HomeBudget.UnitTests", "HomeBudget.UnitTests\HomeBudget.UnitTests.csproj", "{620018C8-F65C-4EFE-9D4A-47C53E2BA61A}"
EndProject
Project("{9A19103F-16F7-4668-BE54-9A1E7A4F7556}") = "HomeBudget.Shared", "HomeBudget.Shared\HomeBudget.Shared.csproj", "{557F711A-C58C-4D38-B095-C966ECE65065}"
EndProject
Project("{9A19103F-16F7-4668-BE54-9A1E7A4F7556}") = "HomeBudgetStandard", "HomeBudgetStandard\HomeBudgetStandard.csproj", "{0A932AB6-EEF3-46E4-A1D1-281882A9DFDD}"
EndProject
Project("{9A19103F-16F7-4668-BE54-9A1E7A4F7556}") = "HomeBudgetMaui", "HomeBudgetMaui\HomeBudgetMaui.csproj", "{9DDDABFB-47F0-4DF6-8D6D-AC16BD0A6440}"
EndProject
Global
	GlobalSection(SolutionConfigurationPlatforms) = preSolution
		Ad-Hoc|Any CPU = Ad-Hoc|Any CPU
		Ad-Hoc|ARM = Ad-Hoc|ARM
		Ad-Hoc|iPhone = Ad-Hoc|iPhone
		Ad-Hoc|iPhoneSimulator = Ad-Hoc|iPhoneSimulator
		Ad-Hoc|x64 = Ad-Hoc|x64
		Ad-Hoc|x86 = Ad-Hoc|x86
		AppStore|Any CPU = AppStore|Any CPU
		AppStore|ARM = AppStore|ARM
		AppStore|iPhone = AppStore|iPhone
		AppStore|iPhoneSimulator = AppStore|iPhoneSimulator
		AppStore|x64 = AppStore|x64
		AppStore|x86 = AppStore|x86
		Debug|Any CPU = Debug|Any CPU
		Debug|ARM = Debug|ARM
		Debug|iPhone = Debug|iPhone
		Debug|iPhoneSimulator = Debug|iPhoneSimulator
		Debug|x64 = Debug|x64
		Debug|x86 = Debug|x86
		Release|Any CPU = Release|Any CPU
		Release|ARM = Release|ARM
		Release|iPhone = Release|iPhone
		Release|iPhoneSimulator = Release|iPhoneSimulator
		Release|x64 = Release|x64
		Release|x86 = Release|x86
	EndGlobalSection
	GlobalSection(ProjectConfigurationPlatforms) = postSolution
		{3B766B47-4CA0-4352-84AC-40C4420E15AD}.Ad-Hoc|Any CPU.ActiveCfg = Release|Any CPU
		{3B766B47-4CA0-4352-84AC-40C4420E15AD}.Ad-Hoc|Any CPU.Build.0 = Release|Any CPU
		{3B766B47-4CA0-4352-84AC-40C4420E15AD}.Ad-Hoc|Any CPU.Deploy.0 = Release|Any CPU
		{3B766B47-4CA0-4352-84AC-40C4420E15AD}.Ad-Hoc|ARM.ActiveCfg = Release|Any CPU
		{3B766B47-4CA0-4352-84AC-40C4420E15AD}.Ad-Hoc|ARM.Build.0 = Release|Any CPU
		{3B766B47-4CA0-4352-84AC-40C4420E15AD}.Ad-Hoc|ARM.Deploy.0 = Release|Any CPU
		{3B766B47-4CA0-4352-84AC-40C4420E15AD}.Ad-Hoc|iPhone.ActiveCfg = Release|Any CPU
		{3B766B47-4CA0-4352-84AC-40C4420E15AD}.Ad-Hoc|iPhone.Build.0 = Release|Any CPU
		{3B766B47-4CA0-4352-84AC-40C4420E15AD}.Ad-Hoc|iPhone.Deploy.0 = Release|Any CPU
		{3B766B47-4CA0-4352-84AC-40C4420E15AD}.Ad-Hoc|iPhoneSimulator.ActiveCfg = Release|Any CPU
		{3B766B47-4CA0-4352-84AC-40C4420E15AD}.Ad-Hoc|iPhoneSimulator.Build.0 = Release|Any CPU
		{3B766B47-4CA0-4352-84AC-40C4420E15AD}.Ad-Hoc|iPhoneSimulator.Deploy.0 = Release|Any CPU
		{3B766B47-4CA0-4352-84AC-40C4420E15AD}.Ad-Hoc|x64.ActiveCfg = Release|Any CPU
		{3B766B47-4CA0-4352-84AC-40C4420E15AD}.Ad-Hoc|x64.Build.0 = Release|Any CPU
		{3B766B47-4CA0-4352-84AC-40C4420E15AD}.Ad-Hoc|x64.Deploy.0 = Release|Any CPU
		{3B766B47-4CA0-4352-84AC-40C4420E15AD}.Ad-Hoc|x86.ActiveCfg = Release|Any CPU
		{3B766B47-4CA0-4352-84AC-40C4420E15AD}.Ad-Hoc|x86.Build.0 = Release|Any CPU
		{3B766B47-4CA0-4352-84AC-40C4420E15AD}.Ad-Hoc|x86.Deploy.0 = Release|Any CPU
		{3B766B47-4CA0-4352-84AC-40C4420E15AD}.AppStore|Any CPU.ActiveCfg = Release|Any CPU
		{3B766B47-4CA0-4352-84AC-40C4420E15AD}.AppStore|Any CPU.Build.0 = Release|Any CPU
		{3B766B47-4CA0-4352-84AC-40C4420E15AD}.AppStore|Any CPU.Deploy.0 = Release|Any CPU
		{3B766B47-4CA0-4352-84AC-40C4420E15AD}.AppStore|ARM.ActiveCfg = Release|Any CPU
		{3B766B47-4CA0-4352-84AC-40C4420E15AD}.AppStore|ARM.Build.0 = Release|Any CPU
		{3B766B47-4CA0-4352-84AC-40C4420E15AD}.AppStore|ARM.Deploy.0 = Release|Any CPU
		{3B766B47-4CA0-4352-84AC-40C4420E15AD}.AppStore|iPhone.ActiveCfg = Release|Any CPU
		{3B766B47-4CA0-4352-84AC-40C4420E15AD}.AppStore|iPhone.Build.0 = Release|Any CPU
		{3B766B47-4CA0-4352-84AC-40C4420E15AD}.AppStore|iPhone.Deploy.0 = Release|Any CPU
		{3B766B47-4CA0-4352-84AC-40C4420E15AD}.AppStore|iPhoneSimulator.ActiveCfg = Release|Any CPU
		{3B766B47-4CA0-4352-84AC-40C4420E15AD}.AppStore|iPhoneSimulator.Build.0 = Release|Any CPU
		{3B766B47-4CA0-4352-84AC-40C4420E15AD}.AppStore|iPhoneSimulator.Deploy.0 = Release|Any CPU
		{3B766B47-4CA0-4352-84AC-40C4420E15AD}.AppStore|x64.ActiveCfg = Release|Any CPU
		{3B766B47-4CA0-4352-84AC-40C4420E15AD}.AppStore|x64.Build.0 = Release|Any CPU
		{3B766B47-4CA0-4352-84AC-40C4420E15AD}.AppStore|x64.Deploy.0 = Release|Any CPU
		{3B766B47-4CA0-4352-84AC-40C4420E15AD}.AppStore|x86.ActiveCfg = Release|Any CPU
		{3B766B47-4CA0-4352-84AC-40C4420E15AD}.AppStore|x86.Build.0 = Release|Any CPU
		{3B766B47-4CA0-4352-84AC-40C4420E15AD}.AppStore|x86.Deploy.0 = Release|Any CPU
		{3B766B47-4CA0-4352-84AC-40C4420E15AD}.Debug|Any CPU.ActiveCfg = Debug|Any CPU
		{3B766B47-4CA0-4352-84AC-40C4420E15AD}.Debug|Any CPU.Build.0 = Debug|Any CPU
		{3B766B47-4CA0-4352-84AC-40C4420E15AD}.Debug|Any CPU.Deploy.0 = Debug|Any CPU
		{3B766B47-4CA0-4352-84AC-40C4420E15AD}.Debug|ARM.ActiveCfg = Debug|Any CPU
		{3B766B47-4CA0-4352-84AC-40C4420E15AD}.Debug|ARM.Build.0 = Debug|Any CPU
		{3B766B47-4CA0-4352-84AC-40C4420E15AD}.Debug|ARM.Deploy.0 = Debug|Any CPU
		{3B766B47-4CA0-4352-84AC-40C4420E15AD}.Debug|iPhone.ActiveCfg = Debug|Any CPU
		{3B766B47-4CA0-4352-84AC-40C4420E15AD}.Debug|iPhone.Build.0 = Debug|Any CPU
		{3B766B47-4CA0-4352-84AC-40C4420E15AD}.Debug|iPhone.Deploy.0 = Debug|Any CPU
		{3B766B47-4CA0-4352-84AC-40C4420E15AD}.Debug|iPhoneSimulator.ActiveCfg = Debug|Any CPU
		{3B766B47-4CA0-4352-84AC-40C4420E15AD}.Debug|iPhoneSimulator.Build.0 = Debug|Any CPU
		{3B766B47-4CA0-4352-84AC-40C4420E15AD}.Debug|iPhoneSimulator.Deploy.0 = Debug|Any CPU
		{3B766B47-4CA0-4352-84AC-40C4420E15AD}.Debug|x64.ActiveCfg = Debug|Any CPU
		{3B766B47-4CA0-4352-84AC-40C4420E15AD}.Debug|x64.Build.0 = Debug|Any CPU
		{3B766B47-4CA0-4352-84AC-40C4420E15AD}.Debug|x64.Deploy.0 = Debug|Any CPU
		{3B766B47-4CA0-4352-84AC-40C4420E15AD}.Debug|x86.ActiveCfg = Debug|Any CPU
		{3B766B47-4CA0-4352-84AC-40C4420E15AD}.Debug|x86.Build.0 = Debug|Any CPU
		{3B766B47-4CA0-4352-84AC-40C4420E15AD}.Debug|x86.Deploy.0 = Debug|Any CPU
		{3B766B47-4CA0-4352-84AC-40C4420E15AD}.Release|Any CPU.ActiveCfg = Release|Any CPU
		{3B766B47-4CA0-4352-84AC-40C4420E15AD}.Release|Any CPU.Build.0 = Release|Any CPU
		{3B766B47-4CA0-4352-84AC-40C4420E15AD}.Release|Any CPU.Deploy.0 = Release|Any CPU
		{3B766B47-4CA0-4352-84AC-40C4420E15AD}.Release|ARM.ActiveCfg = Release|Any CPU
		{3B766B47-4CA0-4352-84AC-40C4420E15AD}.Release|ARM.Build.0 = Release|Any CPU
		{3B766B47-4CA0-4352-84AC-40C4420E15AD}.Release|ARM.Deploy.0 = Release|Any CPU
		{3B766B47-4CA0-4352-84AC-40C4420E15AD}.Release|iPhone.ActiveCfg = Release|Any CPU
		{3B766B47-4CA0-4352-84AC-40C4420E15AD}.Release|iPhone.Build.0 = Release|Any CPU
		{3B766B47-4CA0-4352-84AC-40C4420E15AD}.Release|iPhone.Deploy.0 = Release|Any CPU
		{3B766B47-4CA0-4352-84AC-40C4420E15AD}.Release|iPhoneSimulator.ActiveCfg = Release|Any CPU
		{3B766B47-4CA0-4352-84AC-40C4420E15AD}.Release|iPhoneSimulator.Build.0 = Release|Any CPU
		{3B766B47-4CA0-4352-84AC-40C4420E15AD}.Release|iPhoneSimulator.Deploy.0 = Release|Any CPU
		{3B766B47-4CA0-4352-84AC-40C4420E15AD}.Release|x64.ActiveCfg = Release|Any CPU
		{3B766B47-4CA0-4352-84AC-40C4420E15AD}.Release|x64.Build.0 = Release|Any CPU
		{3B766B47-4CA0-4352-84AC-40C4420E15AD}.Release|x64.Deploy.0 = Release|Any CPU
		{3B766B47-4CA0-4352-84AC-40C4420E15AD}.Release|x86.ActiveCfg = Release|Any CPU
		{3B766B47-4CA0-4352-84AC-40C4420E15AD}.Release|x86.Build.0 = Release|Any CPU
		{3B766B47-4CA0-4352-84AC-40C4420E15AD}.Release|x86.Deploy.0 = Release|Any CPU
		{4D992DAD-7731-4679-8C61-49226EF81A8B}.Ad-Hoc|Any CPU.ActiveCfg = Ad-Hoc|iPhone
		{4D992DAD-7731-4679-8C61-49226EF81A8B}.Ad-Hoc|ARM.ActiveCfg = Ad-Hoc|iPhone
		{4D992DAD-7731-4679-8C61-49226EF81A8B}.Ad-Hoc|iPhone.ActiveCfg = Ad-Hoc|iPhone
		{4D992DAD-7731-4679-8C61-49226EF81A8B}.Ad-Hoc|iPhone.Build.0 = Ad-Hoc|iPhone
		{4D992DAD-7731-4679-8C61-49226EF81A8B}.Ad-Hoc|iPhoneSimulator.ActiveCfg = Ad-Hoc|iPhoneSimulator
		{4D992DAD-7731-4679-8C61-49226EF81A8B}.Ad-Hoc|iPhoneSimulator.Build.0 = Ad-Hoc|iPhoneSimulator
		{4D992DAD-7731-4679-8C61-49226EF81A8B}.Ad-Hoc|x64.ActiveCfg = Ad-Hoc|iPhone
		{4D992DAD-7731-4679-8C61-49226EF81A8B}.Ad-Hoc|x86.ActiveCfg = Ad-Hoc|iPhone
		{4D992DAD-7731-4679-8C61-49226EF81A8B}.AppStore|Any CPU.ActiveCfg = AppStore|iPhone
		{4D992DAD-7731-4679-8C61-49226EF81A8B}.AppStore|ARM.ActiveCfg = AppStore|iPhone
		{4D992DAD-7731-4679-8C61-49226EF81A8B}.AppStore|iPhone.ActiveCfg = AppStore|iPhone
		{4D992DAD-7731-4679-8C61-49226EF81A8B}.AppStore|iPhone.Build.0 = AppStore|iPhone
		{4D992DAD-7731-4679-8C61-49226EF81A8B}.AppStore|iPhoneSimulator.ActiveCfg = AppStore|iPhoneSimulator
		{4D992DAD-7731-4679-8C61-49226EF81A8B}.AppStore|iPhoneSimulator.Build.0 = AppStore|iPhoneSimulator
		{4D992DAD-7731-4679-8C61-49226EF81A8B}.AppStore|x64.ActiveCfg = AppStore|iPhone
		{4D992DAD-7731-4679-8C61-49226EF81A8B}.AppStore|x86.ActiveCfg = AppStore|iPhone
		{4D992DAD-7731-4679-8C61-49226EF81A8B}.Debug|Any CPU.ActiveCfg = Debug|iPhone
		{4D992DAD-7731-4679-8C61-49226EF81A8B}.Debug|ARM.ActiveCfg = Debug|iPhone
		{4D992DAD-7731-4679-8C61-49226EF81A8B}.Debug|iPhone.ActiveCfg = Debug|iPhone
		{4D992DAD-7731-4679-8C61-49226EF81A8B}.Debug|iPhone.Build.0 = Debug|iPhone
		{4D992DAD-7731-4679-8C61-49226EF81A8B}.Debug|iPhoneSimulator.ActiveCfg = Debug|iPhoneSimulator
		{4D992DAD-7731-4679-8C61-49226EF81A8B}.Debug|iPhoneSimulator.Build.0 = Debug|iPhoneSimulator
		{4D992DAD-7731-4679-8C61-49226EF81A8B}.Debug|x64.ActiveCfg = Debug|iPhone
		{4D992DAD-7731-4679-8C61-49226EF81A8B}.Debug|x86.ActiveCfg = Debug|iPhone
		{4D992DAD-7731-4679-8C61-49226EF81A8B}.Release|Any CPU.ActiveCfg = Release|iPhone
		{4D992DAD-7731-4679-8C61-49226EF81A8B}.Release|ARM.ActiveCfg = Release|iPhone
		{4D992DAD-7731-4679-8C61-49226EF81A8B}.Release|iPhone.ActiveCfg = Release|iPhone
		{4D992DAD-7731-4679-8C61-49226EF81A8B}.Release|iPhone.Build.0 = Release|iPhone
		{4D992DAD-7731-4679-8C61-49226EF81A8B}.Release|iPhoneSimulator.ActiveCfg = Release|iPhoneSimulator
		{4D992DAD-7731-4679-8C61-49226EF81A8B}.Release|iPhoneSimulator.Build.0 = Release|iPhoneSimulator
		{4D992DAD-7731-4679-8C61-49226EF81A8B}.Release|x64.ActiveCfg = Release|iPhone
		{4D992DAD-7731-4679-8C61-49226EF81A8B}.Release|x86.ActiveCfg = Release|iPhone
		{27E2BC12-14A4-4811-9A83-A349E4608287}.Ad-Hoc|Any CPU.ActiveCfg = Debug|Any CPU
		{27E2BC12-14A4-4811-9A83-A349E4608287}.Ad-Hoc|Any CPU.Build.0 = Debug|Any CPU
		{27E2BC12-14A4-4811-9A83-A349E4608287}.Ad-Hoc|ARM.ActiveCfg = Debug|Any CPU
		{27E2BC12-14A4-4811-9A83-A349E4608287}.Ad-Hoc|ARM.Build.0 = Debug|Any CPU
		{27E2BC12-14A4-4811-9A83-A349E4608287}.Ad-Hoc|iPhone.ActiveCfg = Debug|Any CPU
		{27E2BC12-14A4-4811-9A83-A349E4608287}.Ad-Hoc|iPhone.Build.0 = Debug|Any CPU
		{27E2BC12-14A4-4811-9A83-A349E4608287}.Ad-Hoc|iPhoneSimulator.ActiveCfg = Debug|Any CPU
		{27E2BC12-14A4-4811-9A83-A349E4608287}.Ad-Hoc|iPhoneSimulator.Build.0 = Debug|Any CPU
		{27E2BC12-14A4-4811-9A83-A349E4608287}.Ad-Hoc|x64.ActiveCfg = Debug|Any CPU
		{27E2BC12-14A4-4811-9A83-A349E4608287}.Ad-Hoc|x64.Build.0 = Debug|Any CPU
		{27E2BC12-14A4-4811-9A83-A349E4608287}.Ad-Hoc|x86.ActiveCfg = Debug|Any CPU
		{27E2BC12-14A4-4811-9A83-A349E4608287}.Ad-Hoc|x86.Build.0 = Debug|Any CPU
		{27E2BC12-14A4-4811-9A83-A349E4608287}.AppStore|Any CPU.ActiveCfg = Debug|Any CPU
		{27E2BC12-14A4-4811-9A83-A349E4608287}.AppStore|Any CPU.Build.0 = Debug|Any CPU
		{27E2BC12-14A4-4811-9A83-A349E4608287}.AppStore|ARM.ActiveCfg = Debug|Any CPU
		{27E2BC12-14A4-4811-9A83-A349E4608287}.AppStore|ARM.Build.0 = Debug|Any CPU
		{27E2BC12-14A4-4811-9A83-A349E4608287}.AppStore|iPhone.ActiveCfg = Debug|Any CPU
		{27E2BC12-14A4-4811-9A83-A349E4608287}.AppStore|iPhone.Build.0 = Debug|Any CPU
		{27E2BC12-14A4-4811-9A83-A349E4608287}.AppStore|iPhoneSimulator.ActiveCfg = Debug|Any CPU
		{27E2BC12-14A4-4811-9A83-A349E4608287}.AppStore|iPhoneSimulator.Build.0 = Debug|Any CPU
		{27E2BC12-14A4-4811-9A83-A349E4608287}.AppStore|x64.ActiveCfg = Debug|Any CPU
		{27E2BC12-14A4-4811-9A83-A349E4608287}.AppStore|x64.Build.0 = Debug|Any CPU
		{27E2BC12-14A4-4811-9A83-A349E4608287}.AppStore|x86.ActiveCfg = Debug|Any CPU
		{27E2BC12-14A4-4811-9A83-A349E4608287}.AppStore|x86.Build.0 = Debug|Any CPU
		{27E2BC12-14A4-4811-9A83-A349E4608287}.Debug|Any CPU.ActiveCfg = Debug|Any CPU
		{27E2BC12-14A4-4811-9A83-A349E4608287}.Debug|Any CPU.Build.0 = Debug|Any CPU
		{27E2BC12-14A4-4811-9A83-A349E4608287}.Debug|ARM.ActiveCfg = Debug|Any CPU
		{27E2BC12-14A4-4811-9A83-A349E4608287}.Debug|ARM.Build.0 = Debug|Any CPU
		{27E2BC12-14A4-4811-9A83-A349E4608287}.Debug|iPhone.ActiveCfg = Debug|Any CPU
		{27E2BC12-14A4-4811-9A83-A349E4608287}.Debug|iPhone.Build.0 = Debug|Any CPU
		{27E2BC12-14A4-4811-9A83-A349E4608287}.Debug|iPhoneSimulator.ActiveCfg = Debug|Any CPU
		{27E2BC12-14A4-4811-9A83-A349E4608287}.Debug|iPhoneSimulator.Build.0 = Debug|Any CPU
		{27E2BC12-14A4-4811-9A83-A349E4608287}.Debug|x64.ActiveCfg = Debug|Any CPU
		{27E2BC12-14A4-4811-9A83-A349E4608287}.Debug|x64.Build.0 = Debug|Any CPU
		{27E2BC12-14A4-4811-9A83-A349E4608287}.Debug|x86.ActiveCfg = Debug|Any CPU
		{27E2BC12-14A4-4811-9A83-A349E4608287}.Debug|x86.Build.0 = Debug|Any CPU
		{27E2BC12-14A4-4811-9A83-A349E4608287}.Release|Any CPU.ActiveCfg = Release|Any CPU
		{27E2BC12-14A4-4811-9A83-A349E4608287}.Release|Any CPU.Build.0 = Release|Any CPU
		{27E2BC12-14A4-4811-9A83-A349E4608287}.Release|ARM.ActiveCfg = Release|Any CPU
		{27E2BC12-14A4-4811-9A83-A349E4608287}.Release|ARM.Build.0 = Release|Any CPU
		{27E2BC12-14A4-4811-9A83-A349E4608287}.Release|iPhone.ActiveCfg = Release|Any CPU
		{27E2BC12-14A4-4811-9A83-A349E4608287}.Release|iPhone.Build.0 = Release|Any CPU
		{27E2BC12-14A4-4811-9A83-A349E4608287}.Release|iPhoneSimulator.ActiveCfg = Release|Any CPU
		{27E2BC12-14A4-4811-9A83-A349E4608287}.Release|iPhoneSimulator.Build.0 = Release|Any CPU
		{27E2BC12-14A4-4811-9A83-A349E4608287}.Release|x64.ActiveCfg = Release|Any CPU
		{27E2BC12-14A4-4811-9A83-A349E4608287}.Release|x64.Build.0 = Release|Any CPU
		{27E2BC12-14A4-4811-9A83-A349E4608287}.Release|x86.ActiveCfg = Release|Any CPU
		{27E2BC12-14A4-4811-9A83-A349E4608287}.Release|x86.Build.0 = Release|Any CPU
		{620018C8-F65C-4EFE-9D4A-47C53E2BA61A}.Ad-Hoc|Any CPU.ActiveCfg = Release|Any CPU
		{620018C8-F65C-4EFE-9D4A-47C53E2BA61A}.Ad-Hoc|Any CPU.Build.0 = Release|Any CPU
		{620018C8-F65C-4EFE-9D4A-47C53E2BA61A}.Ad-Hoc|ARM.ActiveCfg = Release|Any CPU
		{620018C8-F65C-4EFE-9D4A-47C53E2BA61A}.Ad-Hoc|ARM.Build.0 = Release|Any CPU
		{620018C8-F65C-4EFE-9D4A-47C53E2BA61A}.Ad-Hoc|iPhone.ActiveCfg = Release|Any CPU
		{620018C8-F65C-4EFE-9D4A-47C53E2BA61A}.Ad-Hoc|iPhone.Build.0 = Release|Any CPU
		{620018C8-F65C-4EFE-9D4A-47C53E2BA61A}.Ad-Hoc|iPhoneSimulator.ActiveCfg = Release|Any CPU
		{620018C8-F65C-4EFE-9D4A-47C53E2BA61A}.Ad-Hoc|iPhoneSimulator.Build.0 = Release|Any CPU
		{620018C8-F65C-4EFE-9D4A-47C53E2BA61A}.Ad-Hoc|x64.ActiveCfg = Release|Any CPU
		{620018C8-F65C-4EFE-9D4A-47C53E2BA61A}.Ad-Hoc|x64.Build.0 = Release|Any CPU
		{620018C8-F65C-4EFE-9D4A-47C53E2BA61A}.Ad-Hoc|x86.ActiveCfg = Release|Any CPU
		{620018C8-F65C-4EFE-9D4A-47C53E2BA61A}.Ad-Hoc|x86.Build.0 = Release|Any CPU
		{620018C8-F65C-4EFE-9D4A-47C53E2BA61A}.AppStore|Any CPU.ActiveCfg = Release|Any CPU
		{620018C8-F65C-4EFE-9D4A-47C53E2BA61A}.AppStore|Any CPU.Build.0 = Release|Any CPU
		{620018C8-F65C-4EFE-9D4A-47C53E2BA61A}.AppStore|ARM.ActiveCfg = Release|Any CPU
		{620018C8-F65C-4EFE-9D4A-47C53E2BA61A}.AppStore|ARM.Build.0 = Release|Any CPU
		{620018C8-F65C-4EFE-9D4A-47C53E2BA61A}.AppStore|iPhone.ActiveCfg = Release|Any CPU
		{620018C8-F65C-4EFE-9D4A-47C53E2BA61A}.AppStore|iPhone.Build.0 = Release|Any CPU
		{620018C8-F65C-4EFE-9D4A-47C53E2BA61A}.AppStore|iPhoneSimulator.ActiveCfg = Release|Any CPU
		{620018C8-F65C-4EFE-9D4A-47C53E2BA61A}.AppStore|iPhoneSimulator.Build.0 = Release|Any CPU
		{620018C8-F65C-4EFE-9D4A-47C53E2BA61A}.AppStore|x64.ActiveCfg = Release|Any CPU
		{620018C8-F65C-4EFE-9D4A-47C53E2BA61A}.AppStore|x64.Build.0 = Release|Any CPU
		{620018C8-F65C-4EFE-9D4A-47C53E2BA61A}.AppStore|x86.ActiveCfg = Release|Any CPU
		{620018C8-F65C-4EFE-9D4A-47C53E2BA61A}.AppStore|x86.Build.0 = Release|Any CPU
		{620018C8-F65C-4EFE-9D4A-47C53E2BA61A}.Debug|Any CPU.ActiveCfg = Debug|Any CPU
		{620018C8-F65C-4EFE-9D4A-47C53E2BA61A}.Debug|Any CPU.Build.0 = Debug|Any CPU
		{620018C8-F65C-4EFE-9D4A-47C53E2BA61A}.Debug|ARM.ActiveCfg = Debug|Any CPU
		{620018C8-F65C-4EFE-9D4A-47C53E2BA61A}.Debug|ARM.Build.0 = Debug|Any CPU
		{620018C8-F65C-4EFE-9D4A-47C53E2BA61A}.Debug|iPhone.ActiveCfg = Debug|Any CPU
		{620018C8-F65C-4EFE-9D4A-47C53E2BA61A}.Debug|iPhone.Build.0 = Debug|Any CPU
		{620018C8-F65C-4EFE-9D4A-47C53E2BA61A}.Debug|iPhoneSimulator.ActiveCfg = Debug|Any CPU
		{620018C8-F65C-4EFE-9D4A-47C53E2BA61A}.Debug|iPhoneSimulator.Build.0 = Debug|Any CPU
		{620018C8-F65C-4EFE-9D4A-47C53E2BA61A}.Debug|x64.ActiveCfg = Debug|Any CPU
		{620018C8-F65C-4EFE-9D4A-47C53E2BA61A}.Debug|x64.Build.0 = Debug|Any CPU
		{620018C8-F65C-4EFE-9D4A-47C53E2BA61A}.Debug|x86.ActiveCfg = Debug|Any CPU
		{620018C8-F65C-4EFE-9D4A-47C53E2BA61A}.Debug|x86.Build.0 = Debug|Any CPU
		{620018C8-F65C-4EFE-9D4A-47C53E2BA61A}.Release|Any CPU.ActiveCfg = Release|Any CPU
		{620018C8-F65C-4EFE-9D4A-47C53E2BA61A}.Release|Any CPU.Build.0 = Release|Any CPU
		{620018C8-F65C-4EFE-9D4A-47C53E2BA61A}.Release|ARM.ActiveCfg = Release|Any CPU
		{620018C8-F65C-4EFE-9D4A-47C53E2BA61A}.Release|ARM.Build.0 = Release|Any CPU
		{620018C8-F65C-4EFE-9D4A-47C53E2BA61A}.Release|iPhone.ActiveCfg = Release|Any CPU
		{620018C8-F65C-4EFE-9D4A-47C53E2BA61A}.Release|iPhone.Build.0 = Release|Any CPU
		{620018C8-F65C-4EFE-9D4A-47C53E2BA61A}.Release|iPhoneSimulator.ActiveCfg = Release|Any CPU
		{620018C8-F65C-4EFE-9D4A-47C53E2BA61A}.Release|iPhoneSimulator.Build.0 = Release|Any CPU
		{620018C8-F65C-4EFE-9D4A-47C53E2BA61A}.Release|x64.ActiveCfg = Release|Any CPU
		{620018C8-F65C-4EFE-9D4A-47C53E2BA61A}.Release|x64.Build.0 = Release|Any CPU
		{620018C8-F65C-4EFE-9D4A-47C53E2BA61A}.Release|x86.ActiveCfg = Release|Any CPU
		{620018C8-F65C-4EFE-9D4A-47C53E2BA61A}.Release|x86.Build.0 = Release|Any CPU
		{557F711A-C58C-4D38-B095-C966ECE65065}.Ad-Hoc|Any CPU.ActiveCfg = Debug|Any CPU
		{557F711A-C58C-4D38-B095-C966ECE65065}.Ad-Hoc|Any CPU.Build.0 = Debug|Any CPU
		{557F711A-C58C-4D38-B095-C966ECE65065}.Ad-Hoc|ARM.ActiveCfg = Debug|Any CPU
		{557F711A-C58C-4D38-B095-C966ECE65065}.Ad-Hoc|ARM.Build.0 = Debug|Any CPU
		{557F711A-C58C-4D38-B095-C966ECE65065}.Ad-Hoc|iPhone.ActiveCfg = Debug|Any CPU
		{557F711A-C58C-4D38-B095-C966ECE65065}.Ad-Hoc|iPhone.Build.0 = Debug|Any CPU
		{557F711A-C58C-4D38-B095-C966ECE65065}.Ad-Hoc|iPhoneSimulator.ActiveCfg = Debug|Any CPU
		{557F711A-C58C-4D38-B095-C966ECE65065}.Ad-Hoc|iPhoneSimulator.Build.0 = Debug|Any CPU
		{557F711A-C58C-4D38-B095-C966ECE65065}.Ad-Hoc|x64.ActiveCfg = Debug|Any CPU
		{557F711A-C58C-4D38-B095-C966ECE65065}.Ad-Hoc|x64.Build.0 = Debug|Any CPU
		{557F711A-C58C-4D38-B095-C966ECE65065}.Ad-Hoc|x86.ActiveCfg = Debug|Any CPU
		{557F711A-C58C-4D38-B095-C966ECE65065}.Ad-Hoc|x86.Build.0 = Debug|Any CPU
		{557F711A-C58C-4D38-B095-C966ECE65065}.AppStore|Any CPU.ActiveCfg = Debug|Any CPU
		{557F711A-C58C-4D38-B095-C966ECE65065}.AppStore|Any CPU.Build.0 = Debug|Any CPU
		{557F711A-C58C-4D38-B095-C966ECE65065}.AppStore|ARM.ActiveCfg = Debug|Any CPU
		{557F711A-C58C-4D38-B095-C966ECE65065}.AppStore|ARM.Build.0 = Debug|Any CPU
		{557F711A-C58C-4D38-B095-C966ECE65065}.AppStore|iPhone.ActiveCfg = Debug|Any CPU
		{557F711A-C58C-4D38-B095-C966ECE65065}.AppStore|iPhone.Build.0 = Debug|Any CPU
		{557F711A-C58C-4D38-B095-C966ECE65065}.AppStore|iPhoneSimulator.ActiveCfg = Debug|Any CPU
		{557F711A-C58C-4D38-B095-C966ECE65065}.AppStore|iPhoneSimulator.Build.0 = Debug|Any CPU
		{557F711A-C58C-4D38-B095-C966ECE65065}.AppStore|x64.ActiveCfg = Debug|Any CPU
		{557F711A-C58C-4D38-B095-C966ECE65065}.AppStore|x64.Build.0 = Debug|Any CPU
		{557F711A-C58C-4D38-B095-C966ECE65065}.AppStore|x86.ActiveCfg = Debug|Any CPU
		{557F711A-C58C-4D38-B095-C966ECE65065}.AppStore|x86.Build.0 = Debug|Any CPU
		{557F711A-C58C-4D38-B095-C966ECE65065}.Debug|Any CPU.ActiveCfg = Debug|Any CPU
		{557F711A-C58C-4D38-B095-C966ECE65065}.Debug|Any CPU.Build.0 = Debug|Any CPU
		{557F711A-C58C-4D38-B095-C966ECE65065}.Debug|ARM.ActiveCfg = Debug|Any CPU
		{557F711A-C58C-4D38-B095-C966ECE65065}.Debug|ARM.Build.0 = Debug|Any CPU
		{557F711A-C58C-4D38-B095-C966ECE65065}.Debug|iPhone.ActiveCfg = Debug|Any CPU
		{557F711A-C58C-4D38-B095-C966ECE65065}.Debug|iPhone.Build.0 = Debug|Any CPU
		{557F711A-C58C-4D38-B095-C966ECE65065}.Debug|iPhoneSimulator.ActiveCfg = Debug|Any CPU
		{557F711A-C58C-4D38-B095-C966ECE65065}.Debug|iPhoneSimulator.Build.0 = Debug|Any CPU
		{557F711A-C58C-4D38-B095-C966ECE65065}.Debug|x64.ActiveCfg = Debug|Any CPU
		{557F711A-C58C-4D38-B095-C966ECE65065}.Debug|x64.Build.0 = Debug|Any CPU
		{557F711A-C58C-4D38-B095-C966ECE65065}.Debug|x86.ActiveCfg = Debug|Any CPU
		{557F711A-C58C-4D38-B095-C966ECE65065}.Debug|x86.Build.0 = Debug|Any CPU
		{557F711A-C58C-4D38-B095-C966ECE65065}.Release|Any CPU.ActiveCfg = Release|Any CPU
		{557F711A-C58C-4D38-B095-C966ECE65065}.Release|Any CPU.Build.0 = Release|Any CPU
		{557F711A-C58C-4D38-B095-C966ECE65065}.Release|ARM.ActiveCfg = Release|Any CPU
		{557F711A-C58C-4D38-B095-C966ECE65065}.Release|ARM.Build.0 = Release|Any CPU
		{557F711A-C58C-4D38-B095-C966ECE65065}.Release|iPhone.ActiveCfg = Release|Any CPU
		{557F711A-C58C-4D38-B095-C966ECE65065}.Release|iPhone.Build.0 = Release|Any CPU
		{557F711A-C58C-4D38-B095-C966ECE65065}.Release|iPhoneSimulator.ActiveCfg = Release|Any CPU
		{557F711A-C58C-4D38-B095-C966ECE65065}.Release|iPhoneSimulator.Build.0 = Release|Any CPU
		{557F711A-C58C-4D38-B095-C966ECE65065}.Release|x64.ActiveCfg = Release|Any CPU
		{557F711A-C58C-4D38-B095-C966ECE65065}.Release|x64.Build.0 = Release|Any CPU
		{557F711A-C58C-4D38-B095-C966ECE65065}.Release|x86.ActiveCfg = Release|Any CPU
		{557F711A-C58C-4D38-B095-C966ECE65065}.Release|x86.Build.0 = Release|Any CPU
		{0A932AB6-EEF3-46E4-A1D1-281882A9DFDD}.Ad-Hoc|Any CPU.ActiveCfg = Debug|Any CPU
		{0A932AB6-EEF3-46E4-A1D1-281882A9DFDD}.Ad-Hoc|Any CPU.Build.0 = Debug|Any CPU
		{0A932AB6-EEF3-46E4-A1D1-281882A9DFDD}.Ad-Hoc|ARM.ActiveCfg = Debug|Any CPU
		{0A932AB6-EEF3-46E4-A1D1-281882A9DFDD}.Ad-Hoc|ARM.Build.0 = Debug|Any CPU
		{0A932AB6-EEF3-46E4-A1D1-281882A9DFDD}.Ad-Hoc|iPhone.ActiveCfg = Debug|Any CPU
		{0A932AB6-EEF3-46E4-A1D1-281882A9DFDD}.Ad-Hoc|iPhone.Build.0 = Debug|Any CPU
		{0A932AB6-EEF3-46E4-A1D1-281882A9DFDD}.Ad-Hoc|iPhoneSimulator.ActiveCfg = Debug|Any CPU
		{0A932AB6-EEF3-46E4-A1D1-281882A9DFDD}.Ad-Hoc|iPhoneSimulator.Build.0 = Debug|Any CPU
		{0A932AB6-EEF3-46E4-A1D1-281882A9DFDD}.Ad-Hoc|x64.ActiveCfg = Debug|Any CPU
		{0A932AB6-EEF3-46E4-A1D1-281882A9DFDD}.Ad-Hoc|x64.Build.0 = Debug|Any CPU
		{0A932AB6-EEF3-46E4-A1D1-281882A9DFDD}.Ad-Hoc|x86.ActiveCfg = Debug|Any CPU
		{0A932AB6-EEF3-46E4-A1D1-281882A9DFDD}.Ad-Hoc|x86.Build.0 = Debug|Any CPU
		{0A932AB6-EEF3-46E4-A1D1-281882A9DFDD}.AppStore|Any CPU.ActiveCfg = Debug|Any CPU
		{0A932AB6-EEF3-46E4-A1D1-281882A9DFDD}.AppStore|Any CPU.Build.0 = Debug|Any CPU
		{0A932AB6-EEF3-46E4-A1D1-281882A9DFDD}.AppStore|ARM.ActiveCfg = Debug|Any CPU
		{0A932AB6-EEF3-46E4-A1D1-281882A9DFDD}.AppStore|ARM.Build.0 = Debug|Any CPU
		{0A932AB6-EEF3-46E4-A1D1-281882A9DFDD}.AppStore|iPhone.ActiveCfg = Debug|Any CPU
		{0A932AB6-EEF3-46E4-A1D1-281882A9DFDD}.AppStore|iPhone.Build.0 = Debug|Any CPU
		{0A932AB6-EEF3-46E4-A1D1-281882A9DFDD}.AppStore|iPhoneSimulator.ActiveCfg = Debug|Any CPU
		{0A932AB6-EEF3-46E4-A1D1-281882A9DFDD}.AppStore|iPhoneSimulator.Build.0 = Debug|Any CPU
		{0A932AB6-EEF3-46E4-A1D1-281882A9DFDD}.AppStore|x64.ActiveCfg = Debug|Any CPU
		{0A932AB6-EEF3-46E4-A1D1-281882A9DFDD}.AppStore|x64.Build.0 = Debug|Any CPU
		{0A932AB6-EEF3-46E4-A1D1-281882A9DFDD}.AppStore|x86.ActiveCfg = Debug|Any CPU
		{0A932AB6-EEF3-46E4-A1D1-281882A9DFDD}.AppStore|x86.Build.0 = Debug|Any CPU
		{0A932AB6-EEF3-46E4-A1D1-281882A9DFDD}.Debug|Any CPU.ActiveCfg = Debug|Any CPU
		{0A932AB6-EEF3-46E4-A1D1-281882A9DFDD}.Debug|Any CPU.Build.0 = Debug|Any CPU
		{0A932AB6-EEF3-46E4-A1D1-281882A9DFDD}.Debug|ARM.ActiveCfg = Debug|Any CPU
		{0A932AB6-EEF3-46E4-A1D1-281882A9DFDD}.Debug|ARM.Build.0 = Debug|Any CPU
		{0A932AB6-EEF3-46E4-A1D1-281882A9DFDD}.Debug|iPhone.ActiveCfg = Debug|Any CPU
		{0A932AB6-EEF3-46E4-A1D1-281882A9DFDD}.Debug|iPhone.Build.0 = Debug|Any CPU
		{0A932AB6-EEF3-46E4-A1D1-281882A9DFDD}.Debug|iPhoneSimulator.ActiveCfg = Debug|Any CPU
		{0A932AB6-EEF3-46E4-A1D1-281882A9DFDD}.Debug|iPhoneSimulator.Build.0 = Debug|Any CPU
		{0A932AB6-EEF3-46E4-A1D1-281882A9DFDD}.Debug|x64.ActiveCfg = Debug|Any CPU
		{0A932AB6-EEF3-46E4-A1D1-281882A9DFDD}.Debug|x64.Build.0 = Debug|Any CPU
		{0A932AB6-EEF3-46E4-A1D1-281882A9DFDD}.Debug|x86.ActiveCfg = Debug|Any CPU
		{0A932AB6-EEF3-46E4-A1D1-281882A9DFDD}.Debug|x86.Build.0 = Debug|Any CPU
		{0A932AB6-EEF3-46E4-A1D1-281882A9DFDD}.Release|Any CPU.ActiveCfg = Release|Any CPU
		{0A932AB6-EEF3-46E4-A1D1-281882A9DFDD}.Release|Any CPU.Build.0 = Release|Any CPU
		{0A932AB6-EEF3-46E4-A1D1-281882A9DFDD}.Release|ARM.ActiveCfg = Release|Any CPU
		{0A932AB6-EEF3-46E4-A1D1-281882A9DFDD}.Release|ARM.Build.0 = Release|Any CPU
		{0A932AB6-EEF3-46E4-A1D1-281882A9DFDD}.Release|iPhone.ActiveCfg = Release|Any CPU
		{0A932AB6-EEF3-46E4-A1D1-281882A9DFDD}.Release|iPhone.Build.0 = Release|Any CPU
		{0A932AB6-EEF3-46E4-A1D1-281882A9DFDD}.Release|iPhoneSimulator.ActiveCfg = Release|Any CPU
		{0A932AB6-EEF3-46E4-A1D1-281882A9DFDD}.Release|iPhoneSimulator.Build.0 = Release|Any CPU
		{0A932AB6-EEF3-46E4-A1D1-281882A9DFDD}.Release|x64.ActiveCfg = Release|Any CPU
		{0A932AB6-EEF3-46E4-A1D1-281882A9DFDD}.Release|x64.Build.0 = Release|Any CPU
		{0A932AB6-EEF3-46E4-A1D1-281882A9DFDD}.Release|x86.ActiveCfg = Release|Any CPU
		{0A932AB6-EEF3-46E4-A1D1-281882A9DFDD}.Release|x86.Build.0 = Release|Any CPU
		{9DDDABFB-47F0-4DF6-8D6D-AC16BD0A6440}.Ad-Hoc|Any CPU.ActiveCfg = Debug|Any CPU
		{9DDDABFB-47F0-4DF6-8D6D-AC16BD0A6440}.Ad-Hoc|Any CPU.Build.0 = Debug|Any CPU
		{9DDDABFB-47F0-4DF6-8D6D-AC16BD0A6440}.Ad-Hoc|Any CPU.Deploy.0 = Debug|Any CPU
		{9DDDABFB-47F0-4DF6-8D6D-AC16BD0A6440}.Ad-Hoc|ARM.ActiveCfg = Debug|Any CPU
		{9DDDABFB-47F0-4DF6-8D6D-AC16BD0A6440}.Ad-Hoc|ARM.Build.0 = Debug|Any CPU
		{9DDDABFB-47F0-4DF6-8D6D-AC16BD0A6440}.Ad-Hoc|ARM.Deploy.0 = Debug|Any CPU
		{9DDDABFB-47F0-4DF6-8D6D-AC16BD0A6440}.Ad-Hoc|iPhone.ActiveCfg = Debug|Any CPU
		{9DDDABFB-47F0-4DF6-8D6D-AC16BD0A6440}.Ad-Hoc|iPhone.Build.0 = Debug|Any CPU
		{9DDDABFB-47F0-4DF6-8D6D-AC16BD0A6440}.Ad-Hoc|iPhone.Deploy.0 = Debug|Any CPU
		{9DDDABFB-47F0-4DF6-8D6D-AC16BD0A6440}.Ad-Hoc|iPhoneSimulator.ActiveCfg = Debug|Any CPU
		{9DDDABFB-47F0-4DF6-8D6D-AC16BD0A6440}.Ad-Hoc|iPhoneSimulator.Build.0 = Debug|Any CPU
		{9DDDABFB-47F0-4DF6-8D6D-AC16BD0A6440}.Ad-Hoc|iPhoneSimulator.Deploy.0 = Debug|Any CPU
		{9DDDABFB-47F0-4DF6-8D6D-AC16BD0A6440}.Ad-Hoc|x64.ActiveCfg = Debug|Any CPU
		{9DDDABFB-47F0-4DF6-8D6D-AC16BD0A6440}.Ad-Hoc|x64.Build.0 = Debug|Any CPU
		{9DDDABFB-47F0-4DF6-8D6D-AC16BD0A6440}.Ad-Hoc|x64.Deploy.0 = Debug|Any CPU
		{9DDDABFB-47F0-4DF6-8D6D-AC16BD0A6440}.Ad-Hoc|x86.ActiveCfg = Debug|Any CPU
		{9DDDABFB-47F0-4DF6-8D6D-AC16BD0A6440}.Ad-Hoc|x86.Build.0 = Debug|Any CPU
		{9DDDABFB-47F0-4DF6-8D6D-AC16BD0A6440}.Ad-Hoc|x86.Deploy.0 = Debug|Any CPU
		{9DDDABFB-47F0-4DF6-8D6D-AC16BD0A6440}.AppStore|Any CPU.ActiveCfg = Debug|Any CPU
		{9DDDABFB-47F0-4DF6-8D6D-AC16BD0A6440}.AppStore|Any CPU.Build.0 = Debug|Any CPU
		{9DDDABFB-47F0-4DF6-8D6D-AC16BD0A6440}.AppStore|Any CPU.Deploy.0 = Debug|Any CPU
		{9DDDABFB-47F0-4DF6-8D6D-AC16BD0A6440}.AppStore|ARM.ActiveCfg = Debug|Any CPU
		{9DDDABFB-47F0-4DF6-8D6D-AC16BD0A6440}.AppStore|ARM.Build.0 = Debug|Any CPU
		{9DDDABFB-47F0-4DF6-8D6D-AC16BD0A6440}.AppStore|ARM.Deploy.0 = Debug|Any CPU
		{9DDDABFB-47F0-4DF6-8D6D-AC16BD0A6440}.AppStore|iPhone.ActiveCfg = Debug|Any CPU
		{9DDDABFB-47F0-4DF6-8D6D-AC16BD0A6440}.AppStore|iPhone.Build.0 = Debug|Any CPU
		{9DDDABFB-47F0-4DF6-8D6D-AC16BD0A6440}.AppStore|iPhone.Deploy.0 = Debug|Any CPU
		{9DDDABFB-47F0-4DF6-8D6D-AC16BD0A6440}.AppStore|iPhoneSimulator.ActiveCfg = Debug|Any CPU
		{9DDDABFB-47F0-4DF6-8D6D-AC16BD0A6440}.AppStore|iPhoneSimulator.Build.0 = Debug|Any CPU
		{9DDDABFB-47F0-4DF6-8D6D-AC16BD0A6440}.AppStore|iPhoneSimulator.Deploy.0 = Debug|Any CPU
		{9DDDABFB-47F0-4DF6-8D6D-AC16BD0A6440}.AppStore|x64.ActiveCfg = Debug|Any CPU
		{9DDDABFB-47F0-4DF6-8D6D-AC16BD0A6440}.AppStore|x64.Build.0 = Debug|Any CPU
		{9DDDABFB-47F0-4DF6-8D6D-AC16BD0A6440}.AppStore|x64.Deploy.0 = Debug|Any CPU
		{9DDDABFB-47F0-4DF6-8D6D-AC16BD0A6440}.AppStore|x86.ActiveCfg = Debug|Any CPU
		{9DDDABFB-47F0-4DF6-8D6D-AC16BD0A6440}.AppStore|x86.Build.0 = Debug|Any CPU
		{9DDDABFB-47F0-4DF6-8D6D-AC16BD0A6440}.AppStore|x86.Deploy.0 = Debug|Any CPU
		{9DDDABFB-47F0-4DF6-8D6D-AC16BD0A6440}.Debug|Any CPU.ActiveCfg = Debug|Any CPU
		{9DDDABFB-47F0-4DF6-8D6D-AC16BD0A6440}.Debug|Any CPU.Build.0 = Debug|Any CPU
		{9DDDABFB-47F0-4DF6-8D6D-AC16BD0A6440}.Debug|Any CPU.Deploy.0 = Debug|Any CPU
		{9DDDABFB-47F0-4DF6-8D6D-AC16BD0A6440}.Debug|ARM.ActiveCfg = Debug|Any CPU
		{9DDDABFB-47F0-4DF6-8D6D-AC16BD0A6440}.Debug|ARM.Build.0 = Debug|Any CPU
		{9DDDABFB-47F0-4DF6-8D6D-AC16BD0A6440}.Debug|ARM.Deploy.0 = Debug|Any CPU
		{9DDDABFB-47F0-4DF6-8D6D-AC16BD0A6440}.Debug|iPhone.ActiveCfg = Debug|Any CPU
		{9DDDABFB-47F0-4DF6-8D6D-AC16BD0A6440}.Debug|iPhone.Build.0 = Debug|Any CPU
		{9DDDABFB-47F0-4DF6-8D6D-AC16BD0A6440}.Debug|iPhone.Deploy.0 = Debug|Any CPU
		{9DDDABFB-47F0-4DF6-8D6D-AC16BD0A6440}.Debug|iPhoneSimulator.ActiveCfg = Debug|Any CPU
		{9DDDABFB-47F0-4DF6-8D6D-AC16BD0A6440}.Debug|iPhoneSimulator.Build.0 = Debug|Any CPU
		{9DDDABFB-47F0-4DF6-8D6D-AC16BD0A6440}.Debug|iPhoneSimulator.Deploy.0 = Debug|Any CPU
		{9DDDABFB-47F0-4DF6-8D6D-AC16BD0A6440}.Debug|x64.ActiveCfg = Debug|Any CPU
		{9DDDABFB-47F0-4DF6-8D6D-AC16BD0A6440}.Debug|x64.Build.0 = Debug|Any CPU
		{9DDDABFB-47F0-4DF6-8D6D-AC16BD0A6440}.Debug|x64.Deploy.0 = Debug|Any CPU
		{9DDDABFB-47F0-4DF6-8D6D-AC16BD0A6440}.Debug|x86.ActiveCfg = Debug|Any CPU
		{9DDDABFB-47F0-4DF6-8D6D-AC16BD0A6440}.Debug|x86.Build.0 = Debug|Any CPU
		{9DDDABFB-47F0-4DF6-8D6D-AC16BD0A6440}.Debug|x86.Deploy.0 = Debug|Any CPU
		{9DDDABFB-47F0-4DF6-8D6D-AC16BD0A6440}.Release|Any CPU.ActiveCfg = Release|Any CPU
		{9DDDABFB-47F0-4DF6-8D6D-AC16BD0A6440}.Release|Any CPU.Build.0 = Release|Any CPU
		{9DDDABFB-47F0-4DF6-8D6D-AC16BD0A6440}.Release|Any CPU.Deploy.0 = Release|Any CPU
		{9DDDABFB-47F0-4DF6-8D6D-AC16BD0A6440}.Release|ARM.ActiveCfg = Release|Any CPU
		{9DDDABFB-47F0-4DF6-8D6D-AC16BD0A6440}.Release|ARM.Build.0 = Release|Any CPU
		{9DDDABFB-47F0-4DF6-8D6D-AC16BD0A6440}.Release|ARM.Deploy.0 = Release|Any CPU
		{9DDDABFB-47F0-4DF6-8D6D-AC16BD0A6440}.Release|iPhone.ActiveCfg = Release|Any CPU
		{9DDDABFB-47F0-4DF6-8D6D-AC16BD0A6440}.Release|iPhone.Build.0 = Release|Any CPU
		{9DDDABFB-47F0-4DF6-8D6D-AC16BD0A6440}.Release|iPhone.Deploy.0 = Release|Any CPU
		{9DDDABFB-47F0-4DF6-8D6D-AC16BD0A6440}.Release|iPhoneSimulator.ActiveCfg = Release|Any CPU
		{9DDDABFB-47F0-4DF6-8D6D-AC16BD0A6440}.Release|iPhoneSimulator.Build.0 = Release|Any CPU
		{9DDDABFB-47F0-4DF6-8D6D-AC16BD0A6440}.Release|iPhoneSimulator.Deploy.0 = Release|Any CPU
		{9DDDABFB-47F0-4DF6-8D6D-AC16BD0A6440}.Release|x64.ActiveCfg = Release|Any CPU
		{9DDDABFB-47F0-4DF6-8D6D-AC16BD0A6440}.Release|x64.Build.0 = Release|Any CPU
		{9DDDABFB-47F0-4DF6-8D6D-AC16BD0A6440}.Release|x64.Deploy.0 = Release|Any CPU
		{9DDDABFB-47F0-4DF6-8D6D-AC16BD0A6440}.Release|x86.ActiveCfg = Release|Any CPU
		{9DDDABFB-47F0-4DF6-8D6D-AC16BD0A6440}.Release|x86.Build.0 = Release|Any CPU
		{9DDDABFB-47F0-4DF6-8D6D-AC16BD0A6440}.Release|x86.Deploy.0 = Release|Any CPU
	EndGlobalSection
	GlobalSection(SolutionProperties) = preSolution
		HideSolutionNode = FALSE
	EndGlobalSection
	GlobalSection(ExtensibilityGlobals) = postSolution
		SolutionGuid = {B2E5B834-C4BB-41BC-B3E3-8A59AD94F7EC}
	EndGlobalSection
EndGlobal
